
Microsoft Visual Studio Solution File, Format Version 12.00
# Visual Studio Version 17
VisualStudioVersion = 17.0.31903.59
MinimumVisualStudioVersion = 10.0.40219.1
Project("{FAE04EC0-301F-11D3-BF4B-00C04F79EFBC}") = "SqlConAdo", "SqlServerAdoSession\SqlConAdo\SqlConAdo.csproj", "{E9538D22-E8A3-4283-B2CE-38A390551727}"
EndProject
Project("{FAE04EC0-301F-11D3-BF4B-00C04F79EFBC}") = "DAL", "DataAccessLayer\DAL\DAL.csproj", "{02FA37C3-DF18-4646-B019-ABED9074722B}"
EndProject
Project("{2150E333-8FDC-42A3-9474-1A3956D46DE8}") = "RoughWork", "RoughWork", "{D31A63F3-8E6A-45E8-A5B2-E51D4CBBCFCF}"
EndProject
Project("{9A19103F-16F7-4668-BE54-9A1E7A4F7556}") = "Console", "RoughWork\Console\Console.csproj", "{D0ACB916-7971-4EAB-B1D6-F69E55200AC0}"
EndProject
Project("{2150E333-8FDC-42A3-9474-1A3956D46DE8}") = "Console", "Console", "{9A2135DA-D817-451F-A250-94462496F810}"
EndProject
Project("{9A19103F-16F7-4668-BE54-9A1E7A4F7556}") = "ConsoleApp", "Console\ConsoleApp\ConsoleApp.csproj", "{708B5489-E892-4887-8C52-8F9D546FF9E4}"
EndProject
Project("{2150E333-8FDC-42A3-9474-1A3956D46DE8}") = "Web", "Web", "{3840FC52-8825-4597-9103-A1397DE0F0CA}"
EndProject
Project("{9A19103F-16F7-4668-BE54-9A1E7A4F7556}") = "AspDotNetCore", "Web\AspDotNetCore\AspDotNetCore.csproj", "{2327E862-BD4B-46C2-89DF-25A0D2C02ACB}"
EndProject
Project("{FAE04EC0-301F-11D3-BF4B-00C04F79EFBC}") = "ExceptionHandling", "Console\ExceptionHandling\ExceptionHandling.csproj", "{7F451B2B-7FFC-405C-A0D6-ACED3CED62A6}"
EndProject
Project("{FAE04EC0-301F-11D3-BF4B-00C04F79EFBC}") = "AppDomainExample", "Console\AppDomainExample\AppDomainExample.csproj", "{7FFA3737-1CE0-4B83-84A4-D29AD2AF8E43}"
EndProject
Project("{2150E333-8FDC-42A3-9474-1A3956D46DE8}") = "WindowForms", "WindowForms", "{070521B2-F261-40B1-B0CD-95A852F0DC50}"
EndProject
Project("{FAE04EC0-301F-11D3-BF4B-00C04F79EFBC}") = "Calculator", "WindowForms\Calculator\Calculator.csproj", "{6D15473E-7BB8-41DC-B547-476A3AB6BAD9}"
EndProject
Project("{FAE04EC0-301F-11D3-BF4B-00C04F79EFBC}") = "ImageListDemo", "WindowForms\ImageList\ImageListDemo\ImageListDemo.csproj", "{C24DDA88-0C3A-4C79-BC29-53D53BA90E89}"
EndProject
Project("{9A19103F-16F7-4668-BE54-9A1E7A4F7556}") = "SettingsDemo", "Console\SettingsDemo\SettingsDemo.csproj", "{26D9B5E9-FCBE-4FC0-9196-12E6D160F020}"
EndProject
Project("{9A19103F-16F7-4668-BE54-9A1E7A4F7556}") = "LearnMiddlewares", "Web\LearnMiddlewares\LearnMiddlewares.csproj", "{EB8A12E5-BA1B-4E86-856D-635744AFB056}"
EndProject
Project("{9A19103F-16F7-4668-BE54-9A1E7A4F7556}") = "AsyncAwaitExamples", "Console\AsyncAwaitExamples\AsyncAwaitExamples.csproj", "{0298A53D-D179-4B4C-8689-B87EAACC72E2}"
EndProject
Project("{9A19103F-16F7-4668-BE54-9A1E7A4F7556}") = "Concepts", "Console\Concepts\Concepts.csproj", "{EA19488D-821E-40A9-A93A-57BF9BEDB90A}"
EndProject
Project("{2150E333-8FDC-42A3-9474-1A3956D46DE8}") = "csharp9", "csharp9", "{D6E600E9-7548-4A88-9F5A-C8E8D625D0AD}"
EndProject
Project("{9A19103F-16F7-4668-BE54-9A1E7A4F7556}") = "FeaturesExplore", "csharp9\FeaturesExplore\FeaturesExplore.csproj", "{5B7F368D-2E7F-4464-A511-4F3B5F0E2D7F}"
EndProject
Project("{2150E333-8FDC-42A3-9474-1A3956D46DE8}") = "DotNet5", "DotNet5", "{F8E87DC1-51B6-4A0C-A9C0-4AE247DDE7C8}"
EndProject
Project("{9A19103F-16F7-4668-BE54-9A1E7A4F7556}") = "DotNet5.ConsoleApp", "DotNet5\DotNet5.Console.App\DotNet5.ConsoleApp.csproj", "{B8D80344-35CD-42CF-8039-56E51F97E57F}"
EndProject
Project("{2150E333-8FDC-42A3-9474-1A3956D46DE8}") = "EntityFramework", "EntityFramework", "{001003E8-D9F9-4FBB-BFE1-8A40E25CCC6B}"
EndProject
Project("{9A19103F-16F7-4668-BE54-9A1E7A4F7556}") = "EfCore5Features", "EntityFramework\EfCore5Features\EfCore5Features.csproj", "{401F8E0A-0F80-476B-826A-931FF01F0FEA}"
EndProject
Project("{2150E333-8FDC-42A3-9474-1A3956D46DE8}") = "Background Services", "Background Services", "{FE8193E3-280B-4BBD-88E3-AEDF42756537}"
EndProject
Project("{FAE04EC0-301F-11D3-BF4B-00C04F79EFBC}") = "WindowsService", "Background Services\WindowsService\WindowsService.csproj", "{1086DEAF-AFAA-4117-9BEF-20FFEA14FA09}"
EndProject
Project("{2150E333-8FDC-42A3-9474-1A3956D46DE8}") = "csharp10", "csharp10", "{51D5AF6C-9005-43B2-A15B-22910DE644C2}"
EndProject
Project("{FAE04EC0-301F-11D3-BF4B-00C04F79EFBC}") = "ConsoleApp", "csharp10\ConsoleApp\ConsoleApp.csproj", "{11073E78-A27C-4998-BEFC-ACDED7490E33}"
EndProject
Global
	GlobalSection(SolutionConfigurationPlatforms) = preSolution
		Debug|Any CPU = Debug|Any CPU
		Release|Any CPU = Release|Any CPU
	EndGlobalSection
	GlobalSection(ProjectConfigurationPlatforms) = postSolution
		{E9538D22-E8A3-4283-B2CE-38A390551727}.Debug|Any CPU.ActiveCfg = Debug|Any CPU
		{E9538D22-E8A3-4283-B2CE-38A390551727}.Debug|Any CPU.Build.0 = Debug|Any CPU
		{E9538D22-E8A3-4283-B2CE-38A390551727}.Release|Any CPU.ActiveCfg = Release|Any CPU
		{E9538D22-E8A3-4283-B2CE-38A390551727}.Release|Any CPU.Build.0 = Release|Any CPU
		{02FA37C3-DF18-4646-B019-ABED9074722B}.Debug|Any CPU.ActiveCfg = Debug|Any CPU
		{02FA37C3-DF18-4646-B019-ABED9074722B}.Debug|Any CPU.Build.0 = Debug|Any CPU
		{02FA37C3-DF18-4646-B019-ABED9074722B}.Release|Any CPU.ActiveCfg = Release|Any CPU
		{02FA37C3-DF18-4646-B019-ABED9074722B}.Release|Any CPU.Build.0 = Release|Any CPU
		{D0ACB916-7971-4EAB-B1D6-F69E55200AC0}.Debug|Any CPU.ActiveCfg = Debug|Any CPU
		{D0ACB916-7971-4EAB-B1D6-F69E55200AC0}.Debug|Any CPU.Build.0 = Debug|Any CPU
		{D0ACB916-7971-4EAB-B1D6-F69E55200AC0}.Release|Any CPU.ActiveCfg = Release|Any CPU
		{D0ACB916-7971-4EAB-B1D6-F69E55200AC0}.Release|Any CPU.Build.0 = Release|Any CPU
		{708B5489-E892-4887-8C52-8F9D546FF9E4}.Debug|Any CPU.ActiveCfg = Debug|Any CPU
		{708B5489-E892-4887-8C52-8F9D546FF9E4}.Debug|Any CPU.Build.0 = Debug|Any CPU
		{708B5489-E892-4887-8C52-8F9D546FF9E4}.Release|Any CPU.ActiveCfg = Release|Any CPU
		{708B5489-E892-4887-8C52-8F9D546FF9E4}.Release|Any CPU.Build.0 = Release|Any CPU
		{2327E862-BD4B-46C2-89DF-25A0D2C02ACB}.Debug|Any CPU.ActiveCfg = Debug|Any CPU
		{2327E862-BD4B-46C2-89DF-25A0D2C02ACB}.Debug|Any CPU.Build.0 = Debug|Any CPU
		{2327E862-BD4B-46C2-89DF-25A0D2C02ACB}.Release|Any CPU.ActiveCfg = Release|Any CPU
		{2327E862-BD4B-46C2-89DF-25A0D2C02ACB}.Release|Any CPU.Build.0 = Release|Any CPU
		{7F451B2B-7FFC-405C-A0D6-ACED3CED62A6}.Debug|Any CPU.ActiveCfg = Debug|Any CPU
		{7F451B2B-7FFC-405C-A0D6-ACED3CED62A6}.Debug|Any CPU.Build.0 = Debug|Any CPU
		{7F451B2B-7FFC-405C-A0D6-ACED3CED62A6}.Release|Any CPU.ActiveCfg = Release|Any CPU
		{7F451B2B-7FFC-405C-A0D6-ACED3CED62A6}.Release|Any CPU.Build.0 = Release|Any CPU
		{7FFA3737-1CE0-4B83-84A4-D29AD2AF8E43}.Debug|Any CPU.ActiveCfg = Debug|Any CPU
		{7FFA3737-1CE0-4B83-84A4-D29AD2AF8E43}.Debug|Any CPU.Build.0 = Debug|Any CPU
		{7FFA3737-1CE0-4B83-84A4-D29AD2AF8E43}.Release|Any CPU.ActiveCfg = Release|Any CPU
		{7FFA3737-1CE0-4B83-84A4-D29AD2AF8E43}.Release|Any CPU.Build.0 = Release|Any CPU
		{6D15473E-7BB8-41DC-B547-476A3AB6BAD9}.Debug|Any CPU.ActiveCfg = Debug|Any CPU
		{6D15473E-7BB8-41DC-B547-476A3AB6BAD9}.Debug|Any CPU.Build.0 = Debug|Any CPU
		{6D15473E-7BB8-41DC-B547-476A3AB6BAD9}.Release|Any CPU.ActiveCfg = Release|Any CPU
		{6D15473E-7BB8-41DC-B547-476A3AB6BAD9}.Release|Any CPU.Build.0 = Release|Any CPU
		{C24DDA88-0C3A-4C79-BC29-53D53BA90E89}.Debug|Any CPU.ActiveCfg = Debug|Any CPU
		{C24DDA88-0C3A-4C79-BC29-53D53BA90E89}.Debug|Any CPU.Build.0 = Debug|Any CPU
		{C24DDA88-0C3A-4C79-BC29-53D53BA90E89}.Release|Any CPU.ActiveCfg = Release|Any CPU
		{C24DDA88-0C3A-4C79-BC29-53D53BA90E89}.Release|Any CPU.Build.0 = Release|Any CPU
		{26D9B5E9-FCBE-4FC0-9196-12E6D160F020}.Debug|Any CPU.ActiveCfg = Debug|Any CPU
		{26D9B5E9-FCBE-4FC0-9196-12E6D160F020}.Debug|Any CPU.Build.0 = Debug|Any CPU
		{26D9B5E9-FCBE-4FC0-9196-12E6D160F020}.Release|Any CPU.ActiveCfg = Release|Any CPU
		{26D9B5E9-FCBE-4FC0-9196-12E6D160F020}.Release|Any CPU.Build.0 = Release|Any CPU
		{EB8A12E5-BA1B-4E86-856D-635744AFB056}.Debug|Any CPU.ActiveCfg = Debug|Any CPU
		{EB8A12E5-BA1B-4E86-856D-635744AFB056}.Debug|Any CPU.Build.0 = Debug|Any CPU
		{EB8A12E5-BA1B-4E86-856D-635744AFB056}.Release|Any CPU.ActiveCfg = Release|Any CPU
		{EB8A12E5-BA1B-4E86-856D-635744AFB056}.Release|Any CPU.Build.0 = Release|Any CPU
		{0298A53D-D179-4B4C-8689-B87EAACC72E2}.Debug|Any CPU.ActiveCfg = Debug|Any CPU
		{0298A53D-D179-4B4C-8689-B87EAACC72E2}.Debug|Any CPU.Build.0 = Debug|Any CPU
		{0298A53D-D179-4B4C-8689-B87EAACC72E2}.Release|Any CPU.ActiveCfg = Release|Any CPU
		{0298A53D-D179-4B4C-8689-B87EAACC72E2}.Release|Any CPU.Build.0 = Release|Any CPU
		{EA19488D-821E-40A9-A93A-57BF9BEDB90A}.Debug|Any CPU.ActiveCfg = Debug|Any CPU
		{EA19488D-821E-40A9-A93A-57BF9BEDB90A}.Debug|Any CPU.Build.0 = Debug|Any CPU
		{EA19488D-821E-40A9-A93A-57BF9BEDB90A}.Release|Any CPU.ActiveCfg = Release|Any CPU
		{EA19488D-821E-40A9-A93A-57BF9BEDB90A}.Release|Any CPU.Build.0 = Release|Any CPU
		{5B7F368D-2E7F-4464-A511-4F3B5F0E2D7F}.Debug|Any CPU.ActiveCfg = Debug|Any CPU
		{5B7F368D-2E7F-4464-A511-4F3B5F0E2D7F}.Debug|Any CPU.Build.0 = Debug|Any CPU
		{5B7F368D-2E7F-4464-A511-4F3B5F0E2D7F}.Release|Any CPU.ActiveCfg = Release|Any CPU
		{5B7F368D-2E7F-4464-A511-4F3B5F0E2D7F}.Release|Any CPU.Build.0 = Release|Any CPU
		{B8D80344-35CD-42CF-8039-56E51F97E57F}.Debug|Any CPU.ActiveCfg = Debug|Any CPU
		{B8D80344-35CD-42CF-8039-56E51F97E57F}.Debug|Any CPU.Build.0 = Debug|Any CPU
		{B8D80344-35CD-42CF-8039-56E51F97E57F}.Release|Any CPU.ActiveCfg = Release|Any CPU
		{B8D80344-35CD-42CF-8039-56E51F97E57F}.Release|Any CPU.Build.0 = Release|Any CPU
		{401F8E0A-0F80-476B-826A-931FF01F0FEA}.Debug|Any CPU.ActiveCfg = Debug|Any CPU
		{401F8E0A-0F80-476B-826A-931FF01F0FEA}.Debug|Any CPU.Build.0 = Debug|Any CPU
		{401F8E0A-0F80-476B-826A-931FF01F0FEA}.Release|Any CPU.ActiveCfg = Release|Any CPU
		{401F8E0A-0F80-476B-826A-931FF01F0FEA}.Release|Any CPU.Build.0 = Release|Any CPU
		{1086DEAF-AFAA-4117-9BEF-20FFEA14FA09}.Debug|Any CPU.ActiveCfg = Debug|Any CPU
		{1086DEAF-AFAA-4117-9BEF-20FFEA14FA09}.Debug|Any CPU.Build.0 = Debug|Any CPU
		{1086DEAF-AFAA-4117-9BEF-20FFEA14FA09}.Release|Any CPU.ActiveCfg = Release|Any CPU
		{1086DEAF-AFAA-4117-9BEF-20FFEA14FA09}.Release|Any CPU.Build.0 = Release|Any CPU
		{11073E78-A27C-4998-BEFC-ACDED7490E33}.Debug|Any CPU.ActiveCfg = Debug|Any CPU
		{11073E78-A27C-4998-BEFC-ACDED7490E33}.Debug|Any CPU.Build.0 = Debug|Any CPU
		{11073E78-A27C-4998-BEFC-ACDED7490E33}.Release|Any CPU.ActiveCfg = Release|Any CPU
		{11073E78-A27C-4998-BEFC-ACDED7490E33}.Release|Any CPU.Build.0 = Release|Any CPU
	EndGlobalSection
	GlobalSection(SolutionProperties) = preSolution
		HideSolutionNode = FALSE
	EndGlobalSection
	GlobalSection(NestedProjects) = preSolution
		{D0ACB916-7971-4EAB-B1D6-F69E55200AC0} = {D31A63F3-8E6A-45E8-A5B2-E51D4CBBCFCF}
		{708B5489-E892-4887-8C52-8F9D546FF9E4} = {9A2135DA-D817-451F-A250-94462496F810}
		{2327E862-BD4B-46C2-89DF-25A0D2C02ACB} = {3840FC52-8825-4597-9103-A1397DE0F0CA}
		{7F451B2B-7FFC-405C-A0D6-ACED3CED62A6} = {9A2135DA-D817-451F-A250-94462496F810}
		{7FFA3737-1CE0-4B83-84A4-D29AD2AF8E43} = {9A2135DA-D817-451F-A250-94462496F810}
		{6D15473E-7BB8-41DC-B547-476A3AB6BAD9} = {070521B2-F261-40B1-B0CD-95A852F0DC50}
		{C24DDA88-0C3A-4C79-BC29-53D53BA90E89} = {070521B2-F261-40B1-B0CD-95A852F0DC50}
		{26D9B5E9-FCBE-4FC0-9196-12E6D160F020} = {9A2135DA-D817-451F-A250-94462496F810}
		{EB8A12E5-BA1B-4E86-856D-635744AFB056} = {3840FC52-8825-4597-9103-A1397DE0F0CA}
		{0298A53D-D179-4B4C-8689-B87EAACC72E2} = {9A2135DA-D817-451F-A250-94462496F810}
		{EA19488D-821E-40A9-A93A-57BF9BEDB90A} = {9A2135DA-D817-451F-A250-94462496F810}
		{5B7F368D-2E7F-4464-A511-4F3B5F0E2D7F} = {D6E600E9-7548-4A88-9F5A-C8E8D625D0AD}
		{B8D80344-35CD-42CF-8039-56E51F97E57F} = {F8E87DC1-51B6-4A0C-A9C0-4AE247DDE7C8}
		{401F8E0A-0F80-476B-826A-931FF01F0FEA} = {001003E8-D9F9-4FBB-BFE1-8A40E25CCC6B}
		{1086DEAF-AFAA-4117-9BEF-20FFEA14FA09} = {FE8193E3-280B-4BBD-88E3-AEDF42756537}
		{11073E78-A27C-4998-BEFC-ACDED7490E33} = {51D5AF6C-9005-43B2-A15B-22910DE644C2}
	EndGlobalSection
	GlobalSection(ExtensibilityGlobals) = postSolution
		SolutionGuid = {A1BD2B9A-ADA2-4F16-A6F5-54445D9011D4}
	EndGlobalSection
EndGlobal
