
Microsoft Visual Studio Solution File, Format Version 12.00
# Visual Studio 15
VisualStudioVersion = 15.0.27703.2042
MinimumVisualStudioVersion = 10.0.40219.1
Project("{FAE04EC0-301F-11D3-BF4B-00C04F79EFBC}") = "SqlConAdo", "SqlServerAdoSession\SqlConAdo\SqlConAdo.csproj", "{E9538D22-E8A3-4283-B2CE-38A390551727}"
EndProject
Project("{FAE04EC0-301F-11D3-BF4B-00C04F79EFBC}") = "DAL", "DataAccessLayer\DAL\DAL.csproj", "{02FA37C3-DF18-4646-B019-ABED9074722B}"
EndProject
Project("{2150E333-8FDC-42A3-9474-1A3956D46DE8}") = "RoughWork", "RoughWork", "{D31A63F3-8E6A-45E8-A5B2-E51D4CBBCFCF}"
EndProject
Project("{9A19103F-16F7-4668-BE54-9A1E7A4F7556}") = "Console", "RoughWork\Console\Console.csproj", "{D0ACB916-7971-4EAB-B1D6-F69E55200AC0}"
EndProject
Project("{2150E333-8FDC-42A3-9474-1A3956D46DE8}") = "Console", "Console", "{9A2135DA-D817-451F-A250-94462496F810}"
EndProject
Project("{9A19103F-16F7-4668-BE54-9A1E7A4F7556}") = "ConsoleApp", "Console\ConsoleApp\ConsoleApp.csproj", "{708B5489-E892-4887-8C52-8F9D546FF9E4}"
EndProject
Project("{2150E333-8FDC-42A3-9474-1A3956D46DE8}") = "Web", "Web", "{3840FC52-8825-4597-9103-A1397DE0F0CA}"
EndProject
Project("{9A19103F-16F7-4668-BE54-9A1E7A4F7556}") = "AspDotNetCore", "Web\AspDotNetCore\AspDotNetCore.csproj", "{2327E862-BD4B-46C2-89DF-25A0D2C02ACB}"
EndProject
Project("{FAE04EC0-301F-11D3-BF4B-00C04F79EFBC}") = "ExceptionHandling", "Console\ExceptionHandling\ExceptionHandling.csproj", "{7F451B2B-7FFC-405C-A0D6-ACED3CED62A6}"
EndProject
Project("{FAE04EC0-301F-11D3-BF4B-00C04F79EFBC}") = "AppDomainExample", "Console\AppDomainExample\AppDomainExample.csproj", "{7FFA3737-1CE0-4B83-84A4-D29AD2AF8E43}"
EndProject
Project("{2150E333-8FDC-42A3-9474-1A3956D46DE8}") = "WindowForms", "WindowForms", "{070521B2-F261-40B1-B0CD-95A852F0DC50}"
EndProject
Project("{FAE04EC0-301F-11D3-BF4B-00C04F79EFBC}") = "Calculator", "WindowForms\Calculator\Calculator.csproj", "{6D15473E-7BB8-41DC-B547-476A3AB6BAD9}"
EndProject
Project("{FAE04EC0-301F-11D3-BF4B-00C04F79EFBC}") = "ImageListDemo", "WindowForms\ImageList\ImageListDemo\ImageListDemo.csproj", "{C24DDA88-0C3A-4C79-BC29-53D53BA90E89}"
EndProject
Global
	GlobalSection(SolutionConfigurationPlatforms) = preSolution
		Debug|Any CPU = Debug|Any CPU
		Release|Any CPU = Release|Any CPU
	EndGlobalSection
	GlobalSection(ProjectConfigurationPlatforms) = postSolution
		{E9538D22-E8A3-4283-B2CE-38A390551727}.Debug|Any CPU.ActiveCfg = Debug|Any CPU
		{E9538D22-E8A3-4283-B2CE-38A390551727}.Debug|Any CPU.Build.0 = Debug|Any CPU
		{E9538D22-E8A3-4283-B2CE-38A390551727}.Release|Any CPU.ActiveCfg = Release|Any CPU
		{E9538D22-E8A3-4283-B2CE-38A390551727}.Release|Any CPU.Build.0 = Release|Any CPU
		{02FA37C3-DF18-4646-B019-ABED9074722B}.Debug|Any CPU.ActiveCfg = Debug|Any CPU
		{02FA37C3-DF18-4646-B019-ABED9074722B}.Debug|Any CPU.Build.0 = Debug|Any CPU
		{02FA37C3-DF18-4646-B019-ABED9074722B}.Release|Any CPU.ActiveCfg = Release|Any CPU
		{02FA37C3-DF18-4646-B019-ABED9074722B}.Release|Any CPU.Build.0 = Release|Any CPU
		{D0ACB916-7971-4EAB-B1D6-F69E55200AC0}.Debug|Any CPU.ActiveCfg = Debug|Any CPU
		{D0ACB916-7971-4EAB-B1D6-F69E55200AC0}.Debug|Any CPU.Build.0 = Debug|Any CPU
		{D0ACB916-7971-4EAB-B1D6-F69E55200AC0}.Release|Any CPU.ActiveCfg = Release|Any CPU
		{D0ACB916-7971-4EAB-B1D6-F69E55200AC0}.Release|Any CPU.Build.0 = Release|Any CPU
		{708B5489-E892-4887-8C52-8F9D546FF9E4}.Debug|Any CPU.ActiveCfg = Debug|Any CPU
		{708B5489-E892-4887-8C52-8F9D546FF9E4}.Debug|Any CPU.Build.0 = Debug|Any CPU
		{708B5489-E892-4887-8C52-8F9D546FF9E4}.Release|Any CPU.ActiveCfg = Release|Any CPU
		{708B5489-E892-4887-8C52-8F9D546FF9E4}.Release|Any CPU.Build.0 = Release|Any CPU
		{2327E862-BD4B-46C2-89DF-25A0D2C02ACB}.Debug|Any CPU.ActiveCfg = Debug|Any CPU
		{2327E862-BD4B-46C2-89DF-25A0D2C02ACB}.Debug|Any CPU.Build.0 = Debug|Any CPU
		{2327E862-BD4B-46C2-89DF-25A0D2C02ACB}.Release|Any CPU.ActiveCfg = Release|Any CPU
		{2327E862-BD4B-46C2-89DF-25A0D2C02ACB}.Release|Any CPU.Build.0 = Release|Any CPU
		{7F451B2B-7FFC-405C-A0D6-ACED3CED62A6}.Debug|Any CPU.ActiveCfg = Debug|Any CPU
		{7F451B2B-7FFC-405C-A0D6-ACED3CED62A6}.Debug|Any CPU.Build.0 = Debug|Any CPU
		{7F451B2B-7FFC-405C-A0D6-ACED3CED62A6}.Release|Any CPU.ActiveCfg = Release|Any CPU
		{7F451B2B-7FFC-405C-A0D6-ACED3CED62A6}.Release|Any CPU.Build.0 = Release|Any CPU
		{7FFA3737-1CE0-4B83-84A4-D29AD2AF8E43}.Debug|Any CPU.ActiveCfg = Debug|Any CPU
		{7FFA3737-1CE0-4B83-84A4-D29AD2AF8E43}.Debug|Any CPU.Build.0 = Debug|Any CPU
		{7FFA3737-1CE0-4B83-84A4-D29AD2AF8E43}.Release|Any CPU.ActiveCfg = Release|Any CPU
		{7FFA3737-1CE0-4B83-84A4-D29AD2AF8E43}.Release|Any CPU.Build.0 = Release|Any CPU
		{6D15473E-7BB8-41DC-B547-476A3AB6BAD9}.Debug|Any CPU.ActiveCfg = Debug|Any CPU
		{6D15473E-7BB8-41DC-B547-476A3AB6BAD9}.Debug|Any CPU.Build.0 = Debug|Any CPU
		{6D15473E-7BB8-41DC-B547-476A3AB6BAD9}.Release|Any CPU.ActiveCfg = Release|Any CPU
		{6D15473E-7BB8-41DC-B547-476A3AB6BAD9}.Release|Any CPU.Build.0 = Release|Any CPU
		{C24DDA88-0C3A-4C79-BC29-53D53BA90E89}.Debug|Any CPU.ActiveCfg = Debug|Any CPU
		{C24DDA88-0C3A-4C79-BC29-53D53BA90E89}.Debug|Any CPU.Build.0 = Debug|Any CPU
		{C24DDA88-0C3A-4C79-BC29-53D53BA90E89}.Release|Any CPU.ActiveCfg = Release|Any CPU
		{C24DDA88-0C3A-4C79-BC29-53D53BA90E89}.Release|Any CPU.Build.0 = Release|Any CPU
	EndGlobalSection
	GlobalSection(SolutionProperties) = preSolution
		HideSolutionNode = FALSE
	EndGlobalSection
	GlobalSection(NestedProjects) = preSolution
		{D0ACB916-7971-4EAB-B1D6-F69E55200AC0} = {D31A63F3-8E6A-45E8-A5B2-E51D4CBBCFCF}
		{708B5489-E892-4887-8C52-8F9D546FF9E4} = {9A2135DA-D817-451F-A250-94462496F810}
		{2327E862-BD4B-46C2-89DF-25A0D2C02ACB} = {3840FC52-8825-4597-9103-A1397DE0F0CA}
		{7F451B2B-7FFC-405C-A0D6-ACED3CED62A6} = {9A2135DA-D817-451F-A250-94462496F810}
		{7FFA3737-1CE0-4B83-84A4-D29AD2AF8E43} = {9A2135DA-D817-451F-A250-94462496F810}
		{6D15473E-7BB8-41DC-B547-476A3AB6BAD9} = {070521B2-F261-40B1-B0CD-95A852F0DC50}
		{C24DDA88-0C3A-4C79-BC29-53D53BA90E89} = {070521B2-F261-40B1-B0CD-95A852F0DC50}
	EndGlobalSection
	GlobalSection(ExtensibilityGlobals) = postSolution
		SolutionGuid = {A1BD2B9A-ADA2-4F16-A6F5-54445D9011D4}
	EndGlobalSection
EndGlobal
